// !$*UTF8*$!
{
	archiveVersion = 1;
	classes = {
	};
	objectVersion = 77;
	objects = {

/* Begin PBXBuildFile section */
		AC0D5A722E57718E00F86FA0 /* README.md in Resources */ = {isa = PBXBuildFile; fileRef = AC0D5A712E57718800F86FA0 /* README.md */; };
		AC0D5A742E57742800F86FA0 /* LICENSE.md in Resources */ = {isa = PBXBuildFile; fileRef = AC0D5A732E57742500F86FA0 /* LICENSE.md */; };
		AC96346E2DE7465D0040488F /* MVTTools in Frameworks */ = {isa = PBXBuildFile; productRef = AC96346D2DE7465D0040488F /* MVTTools */; };
		AC9634782DE788140040488F /* SwiftEarcut in Frameworks */ = {isa = PBXBuildFile; productRef = AC9634772DE788140040488F /* SwiftEarcut */; };
/* End PBXBuildFile section */

/* Begin PBXContainerItemProxy section */
		ACD42D3D2E13BBD5002CE195 /* PBXContainerItemProxy */ = {
			isa = PBXContainerItemProxy;
			containerPortal = AC1A53802DE5BAA4007E96AD /* Project object */;
			proxyType = 1;
			remoteGlobalIDString = AC1A53872DE5BAA4007E96AD;
			remoteInfo = TucikMap;
		};
/* End PBXContainerItemProxy section */

/* Begin PBXFileReference section */
		AC0D5A712E57718800F86FA0 /* README.md */ = {isa = PBXFileReference; lastKnownFileType = net.daringfireball.markdown; path = README.md; sourceTree = "<group>"; };
		AC0D5A732E57742500F86FA0 /* LICENSE.md */ = {isa = PBXFileReference; lastKnownFileType = net.daringfireball.markdown; path = LICENSE.md; sourceTree = "<group>"; };
		AC1A53882DE5BAA4007E96AD /* TucikMap.app */ = {isa = PBXFileReference; explicitFileType = wrapper.application; includeInIndex = 0; path = TucikMap.app; sourceTree = BUILT_PRODUCTS_DIR; };
		ACD42D392E13BBD5002CE195 /* TucikMapTests.xctest */ = {isa = PBXFileReference; explicitFileType = wrapper.cfbundle; includeInIndex = 0; path = TucikMapTests.xctest; sourceTree = BUILT_PRODUCTS_DIR; };
/* End PBXFileReference section */

/* Begin PBXFileSystemSynchronizedRootGroup section */
		AC1A538A2DE5BAA4007E96AD /* TucikMap */ = {
			isa = PBXFileSystemSynchronizedRootGroup;
			path = TucikMap;
			sourceTree = "<group>";
		};
		ACD42D3A2E13BBD5002CE195 /* TucikMapTests */ = {
			isa = PBXFileSystemSynchronizedRootGroup;
			path = TucikMapTests;
			sourceTree = "<group>";
		};
		ACD83F0C2E5F39320033DCF1 /* Screenshots */ = {
			isa = PBXFileSystemSynchronizedRootGroup;
			path = Screenshots;
			sourceTree = "<group>";
		};
/* End PBXFileSystemSynchronizedRootGroup section */

/* Begin PBXFrameworksBuildPhase section */
		AC1A53852DE5BAA4007E96AD /* Frameworks */ = {
			isa = PBXFrameworksBuildPhase;
			buildActionMask = 2147483647;
			files = (
				AC9634782DE788140040488F /* SwiftEarcut in Frameworks */,
				AC96346E2DE7465D0040488F /* MVTTools in Frameworks */,
			);
			runOnlyForDeploymentPostprocessing = 0;
		};
		ACD42D362E13BBD5002CE195 /* Frameworks */ = {
			isa = PBXFrameworksBuildPhase;
			buildActionMask = 2147483647;
			files = (
			);
			runOnlyForDeploymentPostprocessing = 0;
		};
/* End PBXFrameworksBuildPhase section */

/* Begin PBXGroup section */
		AC1A537F2DE5BAA4007E96AD = {
			isa = PBXGroup;
			children = (
				ACD83F0C2E5F39320033DCF1 /* Screenshots */,
				AC0D5A732E57742500F86FA0 /* LICENSE.md */,
				AC0D5A712E57718800F86FA0 /* README.md */,
				AC1A538A2DE5BAA4007E96AD /* TucikMap */,
				ACD42D3A2E13BBD5002CE195 /* TucikMapTests */,
				AC1A53892DE5BAA4007E96AD /* Products */,
			);
			sourceTree = "<group>";
		};
		AC1A53892DE5BAA4007E96AD /* Products */ = {
			isa = PBXGroup;
			children = (
				AC1A53882DE5BAA4007E96AD /* TucikMap.app */,
				ACD42D392E13BBD5002CE195 /* TucikMapTests.xctest */,
			);
			name = Products;
			sourceTree = "<group>";
		};
/* End PBXGroup section */

/* Begin PBXNativeTarget section */
		AC1A53872DE5BAA4007E96AD /* TucikMap */ = {
			isa = PBXNativeTarget;
			buildConfigurationList = AC1A53932DE5BAA5007E96AD /* Build configuration list for PBXNativeTarget "TucikMap" */;
			buildPhases = (
				AC1A53842DE5BAA4007E96AD /* Sources */,
				AC1A53852DE5BAA4007E96AD /* Frameworks */,
				AC1A53862DE5BAA4007E96AD /* Resources */,
			);
			buildRules = (
			);
			dependencies = (
			);
			fileSystemSynchronizedGroups = (
				AC1A538A2DE5BAA4007E96AD /* TucikMap */,
				ACD83F0C2E5F39320033DCF1 /* Screenshots */,
			);
			name = TucikMap;
			packageProductDependencies = (
				AC96346D2DE7465D0040488F /* MVTTools */,
				AC9634772DE788140040488F /* SwiftEarcut */,
			);
			productName = TucikMap;
			productReference = AC1A53882DE5BAA4007E96AD /* TucikMap.app */;
			productType = "com.apple.product-type.application";
		};
		ACD42D382E13BBD5002CE195 /* TucikMapTests */ = {
			isa = PBXNativeTarget;
			buildConfigurationList = ACD42D3F2E13BBD5002CE195 /* Build configuration list for PBXNativeTarget "TucikMapTests" */;
			buildPhases = (
				ACD42D352E13BBD5002CE195 /* Sources */,
				ACD42D362E13BBD5002CE195 /* Frameworks */,
				ACD42D372E13BBD5002CE195 /* Resources */,
			);
			buildRules = (
			);
			dependencies = (
				ACD42D3E2E13BBD5002CE195 /* PBXTargetDependency */,
			);
			fileSystemSynchronizedGroups = (
				ACD42D3A2E13BBD5002CE195 /* TucikMapTests */,
			);
			name = TucikMapTests;
			packageProductDependencies = (
			);
			productName = TucikMapTests;
			productReference = ACD42D392E13BBD5002CE195 /* TucikMapTests.xctest */;
			productType = "com.apple.product-type.bundle.unit-test";
		};
/* End PBXNativeTarget section */

/* Begin PBXProject section */
		AC1A53802DE5BAA4007E96AD /* Project object */ = {
			isa = PBXProject;
			attributes = {
				BuildIndependentTargetsInParallel = 1;
				LastSwiftUpdateCheck = 1630;
				LastUpgradeCheck = 1630;
				TargetAttributes = {
					AC1A53872DE5BAA4007E96AD = {
						CreatedOnToolsVersion = 16.3;
					};
					ACD42D382E13BBD5002CE195 = {
						CreatedOnToolsVersion = 16.3;
						TestTargetID = AC1A53872DE5BAA4007E96AD;
					};
				};
			};
			buildConfigurationList = AC1A53832DE5BAA4007E96AD /* Build configuration list for PBXProject "TucikMap" */;
			developmentRegion = en;
			hasScannedForEncodings = 0;
			knownRegions = (
				en,
				Base,
			);
			mainGroup = AC1A537F2DE5BAA4007E96AD;
			minimizedProjectReferenceProxies = 1;
			packageReferences = (
				AC96346C2DE7465D0040488F /* XCRemoteSwiftPackageReference "mvt-tools" */,
				AC9634762DE788140040488F /* XCRemoteSwiftPackageReference "SwiftEarcut" */,
			);
			preferredProjectObjectVersion = 77;
			productRefGroup = AC1A53892DE5BAA4007E96AD /* Products */;
			projectDirPath = "";
			projectRoot = "";
			targets = (
				AC1A53872DE5BAA4007E96AD /* TucikMap */,
				ACD42D382E13BBD5002CE195 /* TucikMapTests */,
			);
		};
/* End PBXProject section */

/* Begin PBXResourcesBuildPhase section */
		AC1A53862DE5BAA4007E96AD /* Resources */ = {
			isa = PBXResourcesBuildPhase;
			buildActionMask = 2147483647;
			files = (
				AC0D5A742E57742800F86FA0 /* LICENSE.md in Resources */,
				AC0D5A722E57718E00F86FA0 /* README.md in Resources */,
			);
			runOnlyForDeploymentPostprocessing = 0;
		};
		ACD42D372E13BBD5002CE195 /* Resources */ = {
			isa = PBXResourcesBuildPhase;
			buildActionMask = 2147483647;
			files = (
			);
			runOnlyForDeploymentPostprocessing = 0;
		};
/* End PBXResourcesBuildPhase section */

/* Begin PBXSourcesBuildPhase section */
		AC1A53842DE5BAA4007E96AD /* Sources */ = {
			isa = PBXSourcesBuildPhase;
			buildActionMask = 2147483647;
			files = (
			);
			runOnlyForDeploymentPostprocessing = 0;
		};
		ACD42D352E13BBD5002CE195 /* Sources */ = {
			isa = PBXSourcesBuildPhase;
			buildActionMask = 2147483647;
			files = (
			);
			runOnlyForDeploymentPostprocessing = 0;
		};
/* End PBXSourcesBuildPhase section */

/* Begin PBXTargetDependency section */
		ACD42D3E2E13BBD5002CE195 /* PBXTargetDependency */ = {
			isa = PBXTargetDependency;
			target = AC1A53872DE5BAA4007E96AD /* TucikMap */;
			targetProxy = ACD42D3D2E13BBD5002CE195 /* PBXContainerItemProxy */;
		};
/* End PBXTargetDependency section */

/* Begin XCBuildConfiguration section */
		AC1A53912DE5BAA5007E96AD /* Debug */ = {
			isa = XCBuildConfiguration;
			buildSettings = {
				ALWAYS_SEARCH_USER_PATHS = NO;
				ASSETCATALOG_COMPILER_GENERATE_SWIFT_ASSET_SYMBOL_EXTENSIONS = YES;
				CLANG_ANALYZER_NONNULL = YES;
				CLANG_ANALYZER_NUMBER_OBJECT_CONVERSION = YES_AGGRESSIVE;
				CLANG_CXX_LANGUAGE_STANDARD = "gnu++20";
				CLANG_ENABLE_MODULES = YES;
				CLANG_ENABLE_OBJC_ARC = YES;
				CLANG_ENABLE_OBJC_WEAK = YES;
				CLANG_WARN_BLOCK_CAPTURE_AUTORELEASING = YES;
				CLANG_WARN_BOOL_CONVERSION = YES;
				CLANG_WARN_COMMA = YES;
				CLANG_WARN_CONSTANT_CONVERSION = YES;
				CLANG_WARN_DEPRECATED_OBJC_IMPLEMENTATIONS = YES;
				CLANG_WARN_DIRECT_OBJC_ISA_USAGE = YES_ERROR;
				CLANG_WARN_DOCUMENTATION_COMMENTS = YES;
				CLANG_WARN_EMPTY_BODY = YES;
				CLANG_WARN_ENUM_CONVERSION = YES;
				CLANG_WARN_INFINITE_RECURSION = YES;
				CLANG_WARN_INT_CONVERSION = YES;
				CLANG_WARN_NON_LITERAL_NULL_CONVERSION = YES;
				CLANG_WARN_OBJC_IMPLICIT_RETAIN_SELF = YES;
				CLANG_WARN_OBJC_LITERAL_CONVERSION = YES;
				CLANG_WARN_OBJC_ROOT_CLASS = YES_ERROR;
				CLANG_WARN_QUOTED_INCLUDE_IN_FRAMEWORK_HEADER = YES;
				CLANG_WARN_RANGE_LOOP_ANALYSIS = YES;
				CLANG_WARN_STRICT_PROTOTYPES = YES;
				CLANG_WARN_SUSPICIOUS_MOVE = YES;
				CLANG_WARN_UNGUARDED_AVAILABILITY = YES_AGGRESSIVE;
				CLANG_WARN_UNREACHABLE_CODE = YES;
				CLANG_WARN__DUPLICATE_METHOD_MATCH = YES;
				COPY_PHASE_STRIP = NO;
				DEBUG_INFORMATION_FORMAT = dwarf;
				DEVELOPMENT_TEAM = B2MWFA6UQ8;
				ENABLE_STRICT_OBJC_MSGSEND = YES;
				ENABLE_TESTABILITY = YES;
				ENABLE_USER_SCRIPT_SANDBOXING = YES;
				GCC_C_LANGUAGE_STANDARD = gnu17;
				GCC_DYNAMIC_NO_PIC = NO;
				GCC_NO_COMMON_BLOCKS = YES;
				GCC_OPTIMIZATION_LEVEL = 0;
				GCC_PREPROCESSOR_DEFINITIONS = (
					"DEBUG=1",
					"$(inherited)",
				);
				GCC_WARN_64_TO_32_BIT_CONVERSION = YES;
				GCC_WARN_ABOUT_RETURN_TYPE = YES_ERROR;
				GCC_WARN_UNDECLARED_SELECTOR = YES;
				GCC_WARN_UNINITIALIZED_AUTOS = YES_AGGRESSIVE;
				GCC_WARN_UNUSED_FUNCTION = YES;
				GCC_WARN_UNUSED_VARIABLE = YES;
				IPHONEOS_DEPLOYMENT_TARGET = 18.4;
				LOCALIZATION_PREFERS_STRING_CATALOGS = YES;
				MTL_ENABLE_DEBUG_INFO = INCLUDE_SOURCE;
				MTL_FAST_MATH = YES;
				ONLY_ACTIVE_ARCH = YES;
				SDKROOT = iphoneos;
				SWIFT_ACTIVE_COMPILATION_CONDITIONS = "DEBUG $(inherited)";
				SWIFT_OPTIMIZATION_LEVEL = "-Onone";
			};
			name = Debug;
		};
		AC1A53922DE5BAA5007E96AD /* Release */ = {
			isa = XCBuildConfiguration;
			buildSettings = {
				ALWAYS_SEARCH_USER_PATHS = NO;
				ASSETCATALOG_COMPILER_GENERATE_SWIFT_ASSET_SYMBOL_EXTENSIONS = YES;
				CLANG_ANALYZER_NONNULL = YES;
				CLANG_ANALYZER_NUMBER_OBJECT_CONVERSION = YES_AGGRESSIVE;
				CLANG_CXX_LANGUAGE_STANDARD = "gnu++20";
				CLANG_ENABLE_MODULES = YES;
				CLANG_ENABLE_OBJC_ARC = YES;
				CLANG_ENABLE_OBJC_WEAK = YES;
				CLANG_WARN_BLOCK_CAPTURE_AUTORELEASING = YES;
				CLANG_WARN_BOOL_CONVERSION = YES;
				CLANG_WARN_COMMA = YES;
				CLANG_WARN_CONSTANT_CONVERSION = YES;
				CLANG_WARN_DEPRECATED_OBJC_IMPLEMENTATIONS = YES;
				CLANG_WARN_DIRECT_OBJC_ISA_USAGE = YES_ERROR;
				CLANG_WARN_DOCUMENTATION_COMMENTS = YES;
				CLANG_WARN_EMPTY_BODY = YES;
				CLANG_WARN_ENUM_CONVERSION = YES;
				CLANG_WARN_INFINITE_RECURSION = YES;
				CLANG_WARN_INT_CONVERSION = YES;
				CLANG_WARN_NON_LITERAL_NULL_CONVERSION = YES;
				CLANG_WARN_OBJC_IMPLICIT_RETAIN_SELF = YES;
				CLANG_WARN_OBJC_LITERAL_CONVERSION = YES;
				CLANG_WARN_OBJC_ROOT_CLASS = YES_ERROR;
				CLANG_WARN_QUOTED_INCLUDE_IN_FRAMEWORK_HEADER = YES;
				CLANG_WARN_RANGE_LOOP_ANALYSIS = YES;
				CLANG_WARN_STRICT_PROTOTYPES = YES;
				CLANG_WARN_SUSPICIOUS_MOVE = YES;
				CLANG_WARN_UNGUARDED_AVAILABILITY = YES_AGGRESSIVE;
				CLANG_WARN_UNREACHABLE_CODE = YES;
				CLANG_WARN__DUPLICATE_METHOD_MATCH = YES;
				COPY_PHASE_STRIP = NO;
				DEBUG_INFORMATION_FORMAT = "dwarf-with-dsym";
				DEVELOPMENT_TEAM = B2MWFA6UQ8;
				ENABLE_NS_ASSERTIONS = NO;
				ENABLE_STRICT_OBJC_MSGSEND = YES;
				ENABLE_USER_SCRIPT_SANDBOXING = YES;
				GCC_C_LANGUAGE_STANDARD = gnu17;
				GCC_NO_COMMON_BLOCKS = YES;
				GCC_WARN_64_TO_32_BIT_CONVERSION = YES;
				GCC_WARN_ABOUT_RETURN_TYPE = YES_ERROR;
				GCC_WARN_UNDECLARED_SELECTOR = YES;
				GCC_WARN_UNINITIALIZED_AUTOS = YES_AGGRESSIVE;
				GCC_WARN_UNUSED_FUNCTION = YES;
				GCC_WARN_UNUSED_VARIABLE = YES;
				IPHONEOS_DEPLOYMENT_TARGET = 18.4;
				LOCALIZATION_PREFERS_STRING_CATALOGS = YES;
				MTL_ENABLE_DEBUG_INFO = NO;
				MTL_FAST_MATH = YES;
				SDKROOT = iphoneos;
				SWIFT_COMPILATION_MODE = wholemodule;
				VALIDATE_PRODUCT = YES;
			};
			name = Release;
		};
		AC1A53942DE5BAA5007E96AD /* Debug */ = {
			isa = XCBuildConfiguration;
			buildSettings = {
				ASSETCATALOG_COMPILER_APPICON_NAME = AppIcon;
				ASSETCATALOG_COMPILER_GLOBAL_ACCENT_COLOR_NAME = AccentColor;
				CODE_SIGN_STYLE = Automatic;
				CURRENT_PROJECT_VERSION = 1;
				DEVELOPMENT_TEAM = B2MWFA6UQ8;
				ENABLE_PREVIEWS = YES;
				GENERATE_INFOPLIST_FILE = YES;
				INFOPLIST_KEY_UIApplicationSceneManifest_Generation = YES;
				INFOPLIST_KEY_UIApplicationSupportsIndirectInputEvents = YES;
				INFOPLIST_KEY_UILaunchScreen_Generation = YES;
				INFOPLIST_KEY_UISupportedInterfaceOrientations_iPad = "UIInterfaceOrientationPortrait UIInterfaceOrientationPortraitUpsideDown UIInterfaceOrientationLandscapeLeft UIInterfaceOrientationLandscapeRight";
				INFOPLIST_KEY_UISupportedInterfaceOrientations_iPhone = "UIInterfaceOrientationPortrait UIInterfaceOrientationLandscapeLeft UIInterfaceOrientationLandscapeRight";
				IPHONEOS_DEPLOYMENT_TARGET = 18.0;
				LD_RUNPATH_SEARCH_PATHS = (
					"$(inherited)",
					"@executable_path/Frameworks",
				);
				MARKETING_VERSION = 1.0;
				PRODUCT_BUNDLE_IDENTIFIER = invectys.TucikMap;
				PRODUCT_NAME = "$(TARGET_NAME)";
				SWIFT_EMIT_LOC_STRINGS = YES;
				SWIFT_VERSION = 5.0;
				TARGETED_DEVICE_FAMILY = "1,2";
			};
			name = Debug;
		};
		AC1A53952DE5BAA5007E96AD /* Release */ = {
			isa = XCBuildConfiguration;
			buildSettings = {
				ASSETCATALOG_COMPILER_APPICON_NAME = AppIcon;
				ASSETCATALOG_COMPILER_GLOBAL_ACCENT_COLOR_NAME = AccentColor;
				CODE_SIGN_STYLE = Automatic;
				CURRENT_PROJECT_VERSION = 1;
				DEVELOPMENT_TEAM = B2MWFA6UQ8;
				ENABLE_PREVIEWS = YES;
				GENERATE_INFOPLIST_FILE = YES;
				INFOPLIST_KEY_UIApplicationSceneManifest_Generation = YES;
				INFOPLIST_KEY_UIApplicationSupportsIndirectInputEvents = YES;
				INFOPLIST_KEY_UILaunchScreen_Generation = YES;
				INFOPLIST_KEY_UISupportedInterfaceOrientations_iPad = "UIInterfaceOrientationPortrait UIInterfaceOrientationPortraitUpsideDown UIInterfaceOrientationLandscapeLeft UIInterfaceOrientationLandscapeRight";
				INFOPLIST_KEY_UISupportedInterfaceOrientations_iPhone = "UIInterfaceOrientationPortrait UIInterfaceOrientationLandscapeLeft UIInterfaceOrientationLandscapeRight";
				IPHONEOS_DEPLOYMENT_TARGET = 18.0;
				LD_RUNPATH_SEARCH_PATHS = (
					"$(inherited)",
					"@executable_path/Frameworks",
				);
				MARKETING_VERSION = 1.0;
				PRODUCT_BUNDLE_IDENTIFIER = invectys.TucikMap;
				PRODUCT_NAME = "$(TARGET_NAME)";
				SWIFT_EMIT_LOC_STRINGS = YES;
				SWIFT_VERSION = 5.0;
				TARGETED_DEVICE_FAMILY = "1,2";
			};
			name = Release;
		};
		ACD42D402E13BBD5002CE195 /* Debug */ = {
			isa = XCBuildConfiguration;
			buildSettings = {
				BUNDLE_LOADER = "$(TEST_HOST)";
				CODE_SIGN_STYLE = Automatic;
				CURRENT_PROJECT_VERSION = 1;
				DEVELOPMENT_TEAM = B2MWFA6UQ8;
				GENERATE_INFOPLIST_FILE = YES;
				MARKETING_VERSION = 1.0;
				PRODUCT_BUNDLE_IDENTIFIER = invectys.TucikMapTests;
				PRODUCT_NAME = "$(TARGET_NAME)";
				SWIFT_EMIT_LOC_STRINGS = NO;
				SWIFT_VERSION = 5.0;
				TARGETED_DEVICE_FAMILY = "1,2";
				TEST_HOST = "$(BUILT_PRODUCTS_DIR)/TucikMap.app/$(BUNDLE_EXECUTABLE_FOLDER_PATH)/TucikMap";
			};
			name = Debug;
		};
		ACD42D412E13BBD5002CE195 /* Release */ = {
			isa = XCBuildConfiguration;
			buildSettings = {
				BUNDLE_LOADER = "$(TEST_HOST)";
				CODE_SIGN_STYLE = Automatic;
				CURRENT_PROJECT_VERSION = 1;
				DEVELOPMENT_TEAM = B2MWFA6UQ8;
				GENERATE_INFOPLIST_FILE = YES;
				MARKETING_VERSION = 1.0;
				PRODUCT_BUNDLE_IDENTIFIER = invectys.TucikMapTests;
				PRODUCT_NAME = "$(TARGET_NAME)";
				SWIFT_EMIT_LOC_STRINGS = NO;
				SWIFT_VERSION = 5.0;
				TARGETED_DEVICE_FAMILY = "1,2";
				TEST_HOST = "$(BUILT_PRODUCTS_DIR)/TucikMap.app/$(BUNDLE_EXECUTABLE_FOLDER_PATH)/TucikMap";
			};
			name = Release;
		};
/* End XCBuildConfiguration section */

/* Begin XCConfigurationList section */
		AC1A53832DE5BAA4007E96AD /* Build configuration list for PBXProject "TucikMap" */ = {
			isa = XCConfigurationList;
			buildConfigurations = (
				AC1A53912DE5BAA5007E96AD /* Debug */,
				AC1A53922DE5BAA5007E96AD /* Release */,
			);
			defaultConfigurationIsVisible = 0;
			defaultConfigurationName = Release;
		};
		AC1A53932DE5BAA5007E96AD /* Build configuration list for PBXNativeTarget "TucikMap" */ = {
			isa = XCConfigurationList;
			buildConfigurations = (
				AC1A53942DE5BAA5007E96AD /* Debug */,
				AC1A53952DE5BAA5007E96AD /* Release */,
			);
			defaultConfigurationIsVisible = 0;
			defaultConfigurationName = Release;
		};
		ACD42D3F2E13BBD5002CE195 /* Build configuration list for PBXNativeTarget "TucikMapTests" */ = {
			isa = XCConfigurationList;
			buildConfigurations = (
				ACD42D402E13BBD5002CE195 /* Debug */,
				ACD42D412E13BBD5002CE195 /* Release */,
			);
			defaultConfigurationIsVisible = 0;
			defaultConfigurationName = Release;
		};
/* End XCConfigurationList section */

/* Begin XCRemoteSwiftPackageReference section */
		AC96346C2DE7465D0040488F /* XCRemoteSwiftPackageReference "mvt-tools" */ = {
			isa = XCRemoteSwiftPackageReference;
			repositoryURL = "https://github.com/Outdooractive/mvt-tools";
			requirement = {
				kind = upToNextMajorVersion;
				minimumVersion = 1.2.1;
			};
		};
		AC9634762DE788140040488F /* XCRemoteSwiftPackageReference "SwiftEarcut" */ = {
			isa = XCRemoteSwiftPackageReference;
			repositoryURL = "https://github.com/measuredweighed/SwiftEarcut.git";
			requirement = {
				kind = upToNextMajorVersion;
				minimumVersion = 1.0.0;
			};
		};
/* End XCRemoteSwiftPackageReference section */

/* Begin XCSwiftPackageProductDependency section */
		AC96346D2DE7465D0040488F /* MVTTools */ = {
			isa = XCSwiftPackageProductDependency;
			package = AC96346C2DE7465D0040488F /* XCRemoteSwiftPackageReference "mvt-tools" */;
			productName = MVTTools;
		};
		AC9634772DE788140040488F /* SwiftEarcut */ = {
			isa = XCSwiftPackageProductDependency;
			package = AC9634762DE788140040488F /* XCRemoteSwiftPackageReference "SwiftEarcut" */;
			productName = SwiftEarcut;
		};
/* End XCSwiftPackageProductDependency section */
	};
	rootObject = AC1A53802DE5BAA4007E96AD /* Project object */;
}
